<?xml version="1.0" encoding="utf-8"?>
<Project ToolsVersion="4.0" xmlns="http://schemas.microsoft.com/developer/msbuild/2003">
  <ItemGroup>
    <Filter Include="Utility">
      <UniqueIdentifier>{0e09a6ee-acd9-47fe-999b-5e7a3a47e71e}</UniqueIdentifier>
    </Filter>
    <Filter Include="Mathematics">
      <UniqueIdentifier>{5fdb7533-7d6d-4730-a5a2-6f3200f397c0}</UniqueIdentifier>
    </Filter>
    <Filter Include="Geometry">
      <UniqueIdentifier>{88f27d8b-8b78-4acf-b689-590c48d1c5f1}</UniqueIdentifier>
    </Filter>
    <Filter Include="GameObject">
      <UniqueIdentifier>{098773e3-e67d-4146-97ef-452afc6ebca0}</UniqueIdentifier>
    </Filter>
    <Filter Include="RenderSystem">
      <UniqueIdentifier>{c9fb1fcb-4499-4a7a-868d-05145f281e4a}</UniqueIdentifier>
    </Filter>
    <Filter Include="GameEngine">
      <UniqueIdentifier>{3448d376-cabb-4f64-bbba-c828fa086795}</UniqueIdentifier>
    </Filter>
    <Filter Include="Config">
      <UniqueIdentifier>{4d13d33c-ec17-465b-a46f-30f8be891dc0}</UniqueIdentifier>
    </Filter>
    <Filter Include="HLSL">
      <UniqueIdentifier>{67DA6AB6-F800-4c08-8B7A-83BB121AAD01}</UniqueIdentifier>
      <Extensions>rc;ico;cur;bmp;dlg;rc2;rct;bin;rgs;gif;jpg;jpeg;jpe;resx;tiff;tif;png;wav;mfcribbon-ms</Extensions>
    </Filter>
    <Filter Include="GLSL">
      <UniqueIdentifier>{5d7ef184-07ac-4a9e-89f9-79d09a4bc0a3}</UniqueIdentifier>
    </Filter>
    <Filter Include="GLSL\2DText">
      <UniqueIdentifier>{65534e8a-2501-488a-97b3-2693cd38f9b7}</UniqueIdentifier>
    </Filter>
    <Filter Include="GLSL\BatchLines">
      <UniqueIdentifier>{a692cda9-646b-4b87-95a1-b1ace2f14123}</UniqueIdentifier>
    </Filter>
    <Filter Include="GLSL\DeferredShading">
      <UniqueIdentifier>{c326d625-5239-4605-87e1-45ac764c51f5}</UniqueIdentifier>
    </Filter>
    <Filter Include="GLSL\ForwardLighting">
      <UniqueIdentifier>{7fc4f972-d3e3-4cf1-a0de-249dae6ba287}</UniqueIdentifier>
    </Filter>
    <Filter Include="GLSL\SurfaceVisual">
      <UniqueIdentifier>{82539860-2ecc-4c3e-a979-4f0e6acfce32}</UniqueIdentifier>
    </Filter>
  </ItemGroup>
  <ItemGroup>
    <None Include="TodoList.txt" />
    <None Include="..\Config\CameraConfig.xml">
      <Filter>Config</Filter>
    </None>
    <None Include="..\Config\RenderConfig.xml">
      <Filter>Config</Filter>
    </None>
    <None Include="..\Resource\FX\GLSL\2DText\PS.glfs">
      <Filter>GLSL\2DText</Filter>
    </None>
    <None Include="..\Resource\FX\GLSL\2DText\VS.glvs">
      <Filter>GLSL\2DText</Filter>
    </None>
    <None Include="..\Resource\FX\GLSL\BatchLines\PS.glfs">
      <Filter>GLSL\BatchLines</Filter>
    </None>
    <None Include="..\Resource\FX\GLSL\BatchLines\VS.glvs">
      <Filter>GLSL\BatchLines</Filter>
    </None>
    <None Include="..\Resource\FX\GLSL\DeferredShading\BaseLightingPS.glfs">
      <Filter>GLSL\DeferredShading</Filter>
    </None>
    <None Include="..\Resource\FX\GLSL\DeferredShading\FourLightingPS.glfs">
      <Filter>GLSL\DeferredShading</Filter>
    </None>
    <None Include="..\Resource\FX\GLSL\DeferredShading\LightingVS.glvs">
      <Filter>GLSL\DeferredShading</Filter>
    </None>
    <None Include="..\Resource\FX\GLSL\DeferredShading\ScenePS.glfs">
      <Filter>GLSL\DeferredShading</Filter>
    </None>
    <None Include="..\Resource\FX\GLSL\DeferredShading\SceneVS.glvs">
      <Filter>GLSL\DeferredShading</Filter>
    </None>
    <None Include="..\Resource\FX\GLSL\ForwardLighting\BaseLightingPS.glfs">
      <Filter>GLSL\ForwardLighting</Filter>
    </None>
    <None Include="..\Resource\FX\GLSL\ForwardLighting\FourLightingPS.glfs">
      <Filter>GLSL\ForwardLighting</Filter>
    </None>
    <None Include="..\Resource\FX\GLSL\ForwardLighting\SceneVS.glvs">
      <Filter>GLSL\ForwardLighting</Filter>
    </None>
    <None Include="..\Resource\FX\GLSL\Common.gls">
      <Filter>GLSL</Filter>
    </None>
    <None Include="..\Resource\FX\GLSL\DeferredShading\common.gls">
      <Filter>GLSL\DeferredShading</Filter>
    </None>
    <None Include="..\Resource\FX\GLSL\SurfaceVisual\VS.glvs">
      <Filter>GLSL\SurfaceVisual</Filter>
    </None>
    <None Include="..\Resource\FX\GLSL\SurfaceVisual\PS.glfs">
      <Filter>GLSL\SurfaceVisual</Filter>
    </None>
    <None Include="..\Config\SceneConfig.xml">
      <Filter>Config</Filter>
    </None>
    <None Include="..\Resource\FX\HLSL\2DText.hlsl">
      <Filter>HLSL</Filter>
    </None>
    <None Include="..\Resource\FX\HLSL\BatchLines.hlsl">
      <Filter>HLSL</Filter>
    </None>
    <None Include="..\Resource\FX\HLSL\Common.hlsl">
      <Filter>HLSL</Filter>
    </None>
    <None Include="..\Resource\FX\HLSL\DeferredShading.hlsl">
      <Filter>HLSL</Filter>
    </None>
    <None Include="..\Resource\FX\HLSL\ScreenTiles.hlsl">
      <Filter>HLSL</Filter>
    </None>
    <None Include="..\Resource\FX\HLSL\ForwardLighting.hlsl">
      <Filter>HLSL</Filter>
    </None>
    <None Include="..\Resource\FX\HLSL\ShadowMap.hlsl">
      <Filter>HLSL</Filter>
    </None>
    <None Include="..\Resource\FX\HLSL\SurfaceVisual.hlsl">
      <Filter>HLSL</Filter>
    </None>
  </ItemGroup>
  <ItemGroup>
    <ClInclude Include="Geometry.h">
      <Filter>Geometry</Filter>
    </ClInclude>
    <ClInclude Include="GameObject.h">
      <Filter>GameObject</Filter>
    </ClInclude>
    <ClInclude Include="RenderState.h">
      <Filter>RenderSystem</Filter>
    </ClInclude>
    <ClInclude Include="RenderResourceManager.h">
      <Filter>RenderSystem</Filter>
    </ClInclude>
    <ClInclude Include="RenderResource.h">
      <Filter>RenderSystem</Filter>
    </ClInclude>
    <ClInclude Include="RenderLayout.h">
      <Filter>RenderSystem</Filter>
    </ClInclude>
    <ClInclude Include="Renderer.h">
      <Filter>RenderSystem</Filter>
    </ClInclude>
    <ClInclude Include="RenderEngine.h">
      <Filter>RenderSystem</Filter>
    </ClInclude>
    <ClInclude Include="Client.h">
      <Filter>GameEngine</Filter>
    </ClInclude>
    <ClInclude Include="Canvas.h">
      <Filter>GameEngine</Filter>
    </ClInclude>
    <ClInclude Include="MainLoop.h">
      <Filter>GameEngine</Filter>
    </ClInclude>
    <ClInclude Include="SceneImporter.h">
      <Filter>GameEngine</Filter>
    </ClInclude>
    <ClInclude Include="SceneManager.h">
      <Filter>GameEngine</Filter>
    </ClInclude>
    <ClInclude Include="Viewport.h">
      <Filter>GameEngine</Filter>
    </ClInclude>
    <ClInclude Include="Singleton.h">
      <Filter>Utility</Filter>
    </ClInclude>
    <ClInclude Include="Logger.h">
      <Filter>Utility</Filter>
    </ClInclude>
    <ClInclude Include="Common.h">
      <Filter>Utility</Filter>
    </ClInclude>
    <ClInclude Include="GameTime.h">
      <Filter>Utility</Filter>
    </ClInclude>
    <ClInclude Include="Level.h">
      <Filter>GameEngine</Filter>
    </ClInclude>
    <ClInclude Include="FontManager.h">
      <Filter>GameEngine</Filter>
    </ClInclude>
    <ClInclude Include="InputManager.h">
      <Filter>GameEngine</Filter>
    </ClInclude>
    <ClInclude Include="Font.h">
      <Filter>GameEngine</Filter>
    </ClInclude>
    <ClInclude Include="Config.h">
      <Filter>GameEngine</Filter>
    </ClInclude>
    <ClInclude Include="Engine.h">
      <Filter>GameEngine</Filter>
    </ClInclude>
    <ClInclude Include="Camera.h">
      <Filter>GameEngine</Filter>
    </ClInclude>
    <ClInclude Include="World.h">
      <Filter>GameEngine</Filter>
    </ClInclude>
    <ClInclude Include="Light.h">
      <Filter>GameEngine</Filter>
    </ClInclude>
    <ClInclude Include="FileSystem.h">
      <Filter>GameEngine</Filter>
    </ClInclude>
    <ClInclude Include="ComPtr.h">
      <Filter>Utility</Filter>
    </ClInclude>
    <ClInclude Include="Component.h">
      <Filter>GameObject</Filter>
    </ClInclude>
    <ClInclude Include="MathLib.h">
      <Filter>Mathematics</Filter>
    </ClInclude>
    <ClInclude Include="EngineInclude.h" />
    <ClInclude Include="Material.h">
      <Filter>RenderSystem</Filter>
    </ClInclude>
    <ClInclude Include="RenderEffect.h">
      <Filter>RenderSystem</Filter>
    </ClInclude>
    <ClInclude Include="Bounds.h">
      <Filter>Mathematics</Filter>
    </ClInclude>
    <ClInclude Include="RenderPath.h">
      <Filter>RenderSystem</Filter>
    </ClInclude>
    <ClInclude Include="Image.h">
      <Filter>GameEngine</Filter>
    </ClInclude>
    <ClInclude Include="RenderSurface.h">
      <Filter>RenderSystem</Filter>
    </ClInclude>
    <ClInclude Include="VertexFormat.h">
      <Filter>RenderSystem</Filter>
    </ClInclude>
    <ClInclude Include="ShaderProperty.h">
      <Filter>RenderSystem</Filter>
    </ClInclude>
    <ClInclude Include="Console.h">
      <Filter>GameEngine</Filter>
    </ClInclude>
    <ClInclude Include="Frustrum.h">
      <Filter>Mathematics</Filter>
    </ClInclude>
    <ClInclude Include="RenderDefine.h">
      <Filter>RenderSystem</Filter>
    </ClInclude>
    <ClInclude Include="Plane.h">
      <Filter>Mathematics</Filter>
    </ClInclude>
    <ClInclude Include="ShadowMap.h">
      <Filter>RenderSystem</Filter>
    </ClInclude>
  </ItemGroup>
  <ItemGroup>
    <ClCompile Include="Camera.cpp">
      <Filter>GameEngine</Filter>
    </ClCompile>
    <ClCompile Include="Canvas.cpp">
      <Filter>GameEngine</Filter>
    </ClCompile>
    <ClCompile Include="Client.cpp">
      <Filter>GameEngine</Filter>
    </ClCompile>
    <ClCompile Include="Config.cpp">
      <Filter>GameEngine</Filter>
    </ClCompile>
    <ClCompile Include="Common.cpp">
      <Filter>Utility</Filter>
    </ClCompile>
    <ClCompile Include="Engine.cpp">
      <Filter>GameEngine</Filter>
    </ClCompile>
    <ClCompile Include="FileSystem.cpp">
      <Filter>GameEngine</Filter>
    </ClCompile>
    <ClCompile Include="Font.cpp">
      <Filter>GameEngine</Filter>
    </ClCompile>
    <ClCompile Include="FontManager.cpp">
      <Filter>GameEngine</Filter>
    </ClCompile>
    <ClCompile Include="GameObject.cpp">
      <Filter>GameObject</Filter>
    </ClCompile>
    <ClCompile Include="EngineInclude.cpp" />
    <ClCompile Include="GameTime.cpp">
      <Filter>Utility</Filter>
    </ClCompile>
    <ClCompile Include="Geometry.cpp">
      <Filter>Geometry</Filter>
    </ClCompile>
    <ClCompile Include="Logger.cpp">
      <Filter>Utility</Filter>
    </ClCompile>
    <ClCompile Include="Level.cpp">
      <Filter>GameEngine</Filter>
    </ClCompile>
    <ClCompile Include="MainLoop.cpp">
      <Filter>GameEngine</Filter>
    </ClCompile>
    <ClCompile Include="InputManager.cpp">
      <Filter>GameEngine</Filter>
    </ClCompile>
    <ClCompile Include="Renderer.cpp">
      <Filter>RenderSystem</Filter>
    </ClCompile>
    <ClCompile Include="RenderLayout.cpp">
      <Filter>RenderSystem</Filter>
    </ClCompile>
    <ClCompile Include="RenderResource.cpp">
      <Filter>RenderSystem</Filter>
    </ClCompile>
    <ClCompile Include="RenderResourceManager.cpp">
      <Filter>RenderSystem</Filter>
    </ClCompile>
    <ClCompile Include="RenderState.cpp">
      <Filter>RenderSystem</Filter>
    </ClCompile>
    <ClCompile Include="SceneImporter.cpp">
      <Filter>GameEngine</Filter>
    </ClCompile>
    <ClCompile Include="SceneManager.cpp">
      <Filter>GameEngine</Filter>
    </ClCompile>
    <ClCompile Include="Viewport.cpp">
      <Filter>GameEngine</Filter>
    </ClCompile>
    <ClCompile Include="World.cpp">
      <Filter>GameEngine</Filter>
    </ClCompile>
    <ClCompile Include="Material.cpp">
      <Filter>RenderSystem</Filter>
    </ClCompile>
    <ClCompile Include="Light.cpp">
      <Filter>GameEngine</Filter>
    </ClCompile>
    <ClCompile Include="RenderEffect.cpp">
      <Filter>RenderSystem</Filter>
    </ClCompile>
    <ClCompile Include="Bounds.cpp">
      <Filter>Mathematics</Filter>
    </ClCompile>
    <ClCompile Include="MathLib.cpp">
      <Filter>Mathematics</Filter>
    </ClCompile>
    <ClCompile Include="RenderPath.cpp">
      <Filter>RenderSystem</Filter>
    </ClCompile>
    <ClCompile Include="Image.cpp">
      <Filter>GameEngine</Filter>
    </ClCompile>
    <ClCompile Include="RenderSurface.cpp">
      <Filter>RenderSystem</Filter>
    </ClCompile>
    <ClCompile Include="Component.cpp">
      <Filter>GameObject</Filter>
    </ClCompile>
    <ClCompile Include="ShaderProperty.cpp">
      <Filter>RenderSystem</Filter>
    </ClCompile>
    <ClCompile Include="Console.cpp">
      <Filter>GameEngine</Filter>
    </ClCompile>
    <ClCompile Include="Frustrum.cpp">
      <Filter>Mathematics</Filter>
    </ClCompile>
    <ClCompile Include="RenderEngine.cpp">
      <Filter>RenderSystem</Filter>
    </ClCompile>
    <ClCompile Include="Plane.cpp">
      <Filter>Mathematics</Filter>
    </ClCompile>
    <ClCompile Include="ShadowMap.cpp">
      <Filter>RenderSystem</Filter>
    </ClCompile>
  </ItemGroup>
</Project>